
Microsoft Visual Studio Solution File, Format Version 12.00
# Visual Studio Version 17
VisualStudioVersion = 17.5.33516.290
MinimumVisualStudioVersion = 10.0.40219.1
Project("{2150E333-8FDC-42A3-9474-1A3956D46DE8}") = "AuthServer", "AuthServer", "{108AD562-9172-47C9-9CDF-7A2379213B8C}"
EndProject
Project("{2150E333-8FDC-42A3-9474-1A3956D46DE8}") = "src", "src", "{2EAC562D-4C7A-4A94-9A32-0CB2E481FEFB}"
EndProject
Project("{2150E333-8FDC-42A3-9474-1A3956D46DE8}") = "ApiGateway", "ApiGateway", "{FA9AA6E3-2B30-4327-A298-5BBCEBCDCBAE}"
EndProject
Project("{2150E333-8FDC-42A3-9474-1A3956D46DE8}") = "Services", "Services", "{A19C042F-4893-43E5-AD0F-3602DC804F6E}"
EndProject
Project("{2150E333-8FDC-42A3-9474-1A3956D46DE8}") = "Common", "Common", "{91623C1F-B33A-4DB8-8DC2-9D8E852FFAAB}"
EndProject
Project("{9A19103F-16F7-4668-BE54-9A1E7A4F7556}") = "AuthServer.Api", "src\Services\AuthServer\AuthServer.Api\AuthServer.Api.csproj", "{3FE9B6F9-EECA-4BF8-A067-623C33530774}"
EndProject
Project("{9A19103F-16F7-4668-BE54-9A1E7A4F7556}") = "AuthServer.Application", "src\Services\AuthServer\AuthServer.Application\AuthServer.Application.csproj", "{51D09981-26BE-4C37-98FA-E5A4A4AEF167}"
EndProject
Project("{9A19103F-16F7-4668-BE54-9A1E7A4F7556}") = "AuthServer.Infrastructure", "src\Services\AuthServer\AuthServer.Infrastructure\AuthServer.Infrastructure.csproj", "{1537F0CE-3747-4FBC-9BA1-CE990F00CF4A}"
EndProject
Project("{9A19103F-16F7-4668-BE54-9A1E7A4F7556}") = "Resources", "src\Common\Resources\Resources.csproj", "{7D43FF77-709D-45CD-BD24-0FA031D268BF}"
EndProject
Project("{9A19103F-16F7-4668-BE54-9A1E7A4F7556}") = "Utilities", "src\Common\Utilities\Utilities.csproj", "{3805AE49-7F7D-43BB-A910-DC9600026D14}"
EndProject
Project("{2150E333-8FDC-42A3-9474-1A3956D46DE8}") = "Base", "Base", "{A2128113-51EF-47FA-980F-AF0C8F789FA8}"
EndProject
Project("{9A19103F-16F7-4668-BE54-9A1E7A4F7556}") = "Base.Api", "src\Common\Base\Base.Api\Base.Api.csproj", "{C4B11589-6BF2-41BA-B8A4-F1D492B4D7C4}"
EndProject
Project("{9A19103F-16F7-4668-BE54-9A1E7A4F7556}") = "Base.Application", "src\Common\Base\Base.Application\Base.Application.csproj", "{DDE830A0-4D2B-4F91-BA9A-A18F71933126}"
EndProject
Project("{9A19103F-16F7-4668-BE54-9A1E7A4F7556}") = "Base.Infrastructure", "src\Common\Base\Base.Infrastructure\Base.Infrastructure.csproj", "{3D50BFBF-9F10-4B9D-B0DA-4A212C9451E2}"
EndProject
Project("{9A19103F-16F7-4668-BE54-9A1E7A4F7556}") = "Base.Domain", "src\Common\Base\Base.Domain\Base.Domain.csproj", "{711FABF7-B90E-40F6-80CE-6489966A20FF}"
EndProject
Project("{9A19103F-16F7-4668-BE54-9A1E7A4F7556}") = "AuthServer.Domain", "src\Services\AuthServer\AuthServer.Domain\AuthServer.Domain.csproj", "{73EDF73F-7F66-4F7D-9F8C-CAD24BCAFB48}"
EndProject
Project("{9A19103F-16F7-4668-BE54-9A1E7A4F7556}") = "Base.Application.Common", "src\Common\Base\Base.Application.Common\Base.Application.Common.csproj", "{5787524D-861C-4347-83BE-CD2DB1B85E6B}"
EndProject
Project("{9A19103F-16F7-4668-BE54-9A1E7A4F7556}") = "Base.Infrastructure.Common", "src\Common\Base\Base.Infrastructure.Common\Base.Infrastructure.Common.csproj", "{A9D76BCD-2A1A-4DCD-B388-AFAC75A5A68A}"
EndProject
Project("{2150E333-8FDC-42A3-9474-1A3956D46DE8}") = "FileService", "FileService", "{22873A8F-9A4C-47CB-AA63-795A6E3CF041}"
EndProject
Project("{9A19103F-16F7-4668-BE54-9A1E7A4F7556}") = "FileService.Api", "src\Services\FileService\FileService.Api\FileService.Api.csproj", "{696805F4-7EAF-4DD0-8C26-2E53CC49404B}"
EndProject
Project("{9A19103F-16F7-4668-BE54-9A1E7A4F7556}") = "FileService.Application", "src\Services\FileService\FileService.Application\FileService.Application.csproj", "{F793E687-FF1F-4C89-B40C-166FD47E8F72}"
EndProject
Project("{9A19103F-16F7-4668-BE54-9A1E7A4F7556}") = "FileService.Domain", "src\Services\FileService\FileService.Domain\FileService.Domain.csproj", "{812FE45F-5AC3-4561-82E1-4AADDB799AD3}"
EndProject
Project("{9A19103F-16F7-4668-BE54-9A1E7A4F7556}") = "FileService.Infrastructure", "src\Services\FileService\FileService.Infrastructure\FileService.Infrastructure.csproj", "{1AC73C62-0CF7-440F-AC66-D83F0CECECAB}"
EndProject
Project("{9A19103F-16F7-4668-BE54-9A1E7A4F7556}") = "AuthServer.Grpc", "src\Services\AuthServer\AuthServer.Grpc\AuthServer.Grpc.csproj", "{9FD33614-BE0C-4FC5-AC4A-58B94C4826D2}"
EndProject
Project("{9A19103F-16F7-4668-BE54-9A1E7A4F7556}") = "FileService.Grpc", "src\Services\FileService\FileService.Grpc\FileService.Grpc.csproj", "{C22BB045-AA50-4D79-A813-E67282264186}"
EndProject
Project("{9A19103F-16F7-4668-BE54-9A1E7A4F7556}") = "Base.Grpc", "src\Common\Base\Base.Grpc\Base.Grpc.csproj", "{A8F94628-E401-4263-B356-A00C041591A9}"
EndProject
Global
	GlobalSection(SolutionConfigurationPlatforms) = preSolution
		Debug|Any CPU = Debug|Any CPU
		Release|Any CPU = Release|Any CPU
	EndGlobalSection
	GlobalSection(ProjectConfigurationPlatforms) = postSolution
		{3FE9B6F9-EECA-4BF8-A067-623C33530774}.Debug|Any CPU.ActiveCfg = Debug|Any CPU
		{3FE9B6F9-EECA-4BF8-A067-623C33530774}.Debug|Any CPU.Build.0 = Debug|Any CPU
		{3FE9B6F9-EECA-4BF8-A067-623C33530774}.Release|Any CPU.ActiveCfg = Release|Any CPU
		{3FE9B6F9-EECA-4BF8-A067-623C33530774}.Release|Any CPU.Build.0 = Release|Any CPU
		{51D09981-26BE-4C37-98FA-E5A4A4AEF167}.Debug|Any CPU.ActiveCfg = Debug|Any CPU
		{51D09981-26BE-4C37-98FA-E5A4A4AEF167}.Debug|Any CPU.Build.0 = Debug|Any CPU
		{51D09981-26BE-4C37-98FA-E5A4A4AEF167}.Release|Any CPU.ActiveCfg = Release|Any CPU
		{51D09981-26BE-4C37-98FA-E5A4A4AEF167}.Release|Any CPU.Build.0 = Release|Any CPU
		{1537F0CE-3747-4FBC-9BA1-CE990F00CF4A}.Debug|Any CPU.ActiveCfg = Debug|Any CPU
		{1537F0CE-3747-4FBC-9BA1-CE990F00CF4A}.Debug|Any CPU.Build.0 = Debug|Any CPU
		{1537F0CE-3747-4FBC-9BA1-CE990F00CF4A}.Release|Any CPU.ActiveCfg = Release|Any CPU
		{1537F0CE-3747-4FBC-9BA1-CE990F00CF4A}.Release|Any CPU.Build.0 = Release|Any CPU
		{7D43FF77-709D-45CD-BD24-0FA031D268BF}.Debug|Any CPU.ActiveCfg = Debug|Any CPU
		{7D43FF77-709D-45CD-BD24-0FA031D268BF}.Debug|Any CPU.Build.0 = Debug|Any CPU
		{7D43FF77-709D-45CD-BD24-0FA031D268BF}.Release|Any CPU.ActiveCfg = Release|Any CPU
		{7D43FF77-709D-45CD-BD24-0FA031D268BF}.Release|Any CPU.Build.0 = Release|Any CPU
		{3805AE49-7F7D-43BB-A910-DC9600026D14}.Debug|Any CPU.ActiveCfg = Debug|Any CPU
		{3805AE49-7F7D-43BB-A910-DC9600026D14}.Debug|Any CPU.Build.0 = Debug|Any CPU
		{3805AE49-7F7D-43BB-A910-DC9600026D14}.Release|Any CPU.ActiveCfg = Release|Any CPU
		{3805AE49-7F7D-43BB-A910-DC9600026D14}.Release|Any CPU.Build.0 = Release|Any CPU
		{C4B11589-6BF2-41BA-B8A4-F1D492B4D7C4}.Debug|Any CPU.ActiveCfg = Debug|Any CPU
		{C4B11589-6BF2-41BA-B8A4-F1D492B4D7C4}.Debug|Any CPU.Build.0 = Debug|Any CPU
		{C4B11589-6BF2-41BA-B8A4-F1D492B4D7C4}.Release|Any CPU.ActiveCfg = Release|Any CPU
		{C4B11589-6BF2-41BA-B8A4-F1D492B4D7C4}.Release|Any CPU.Build.0 = Release|Any CPU
		{DDE830A0-4D2B-4F91-BA9A-A18F71933126}.Debug|Any CPU.ActiveCfg = Debug|Any CPU
		{DDE830A0-4D2B-4F91-BA9A-A18F71933126}.Debug|Any CPU.Build.0 = Debug|Any CPU
		{DDE830A0-4D2B-4F91-BA9A-A18F71933126}.Release|Any CPU.ActiveCfg = Release|Any CPU
		{DDE830A0-4D2B-4F91-BA9A-A18F71933126}.Release|Any CPU.Build.0 = Release|Any CPU
		{3D50BFBF-9F10-4B9D-B0DA-4A212C9451E2}.Debug|Any CPU.ActiveCfg = Debug|Any CPU
		{3D50BFBF-9F10-4B9D-B0DA-4A212C9451E2}.Debug|Any CPU.Build.0 = Debug|Any CPU
		{3D50BFBF-9F10-4B9D-B0DA-4A212C9451E2}.Release|Any CPU.ActiveCfg = Release|Any CPU
		{3D50BFBF-9F10-4B9D-B0DA-4A212C9451E2}.Release|Any CPU.Build.0 = Release|Any CPU
		{711FABF7-B90E-40F6-80CE-6489966A20FF}.Debug|Any CPU.ActiveCfg = Debug|Any CPU
		{711FABF7-B90E-40F6-80CE-6489966A20FF}.Debug|Any CPU.Build.0 = Debug|Any CPU
		{711FABF7-B90E-40F6-80CE-6489966A20FF}.Release|Any CPU.ActiveCfg = Release|Any CPU
		{711FABF7-B90E-40F6-80CE-6489966A20FF}.Release|Any CPU.Build.0 = Release|Any CPU
		{73EDF73F-7F66-4F7D-9F8C-CAD24BCAFB48}.Debug|Any CPU.ActiveCfg = Debug|Any CPU
		{73EDF73F-7F66-4F7D-9F8C-CAD24BCAFB48}.Debug|Any CPU.Build.0 = Debug|Any CPU
		{73EDF73F-7F66-4F7D-9F8C-CAD24BCAFB48}.Release|Any CPU.ActiveCfg = Release|Any CPU
		{73EDF73F-7F66-4F7D-9F8C-CAD24BCAFB48}.Release|Any CPU.Build.0 = Release|Any CPU
		{5787524D-861C-4347-83BE-CD2DB1B85E6B}.Debug|Any CPU.ActiveCfg = Debug|Any CPU
		{5787524D-861C-4347-83BE-CD2DB1B85E6B}.Debug|Any CPU.Build.0 = Debug|Any CPU
		{5787524D-861C-4347-83BE-CD2DB1B85E6B}.Release|Any CPU.ActiveCfg = Release|Any CPU
		{5787524D-861C-4347-83BE-CD2DB1B85E6B}.Release|Any CPU.Build.0 = Release|Any CPU
		{A9D76BCD-2A1A-4DCD-B388-AFAC75A5A68A}.Debug|Any CPU.ActiveCfg = Debug|Any CPU
		{A9D76BCD-2A1A-4DCD-B388-AFAC75A5A68A}.Debug|Any CPU.Build.0 = Debug|Any CPU
		{A9D76BCD-2A1A-4DCD-B388-AFAC75A5A68A}.Release|Any CPU.ActiveCfg = Release|Any CPU
		{A9D76BCD-2A1A-4DCD-B388-AFAC75A5A68A}.Release|Any CPU.Build.0 = Release|Any CPU
		{696805F4-7EAF-4DD0-8C26-2E53CC49404B}.Debug|Any CPU.ActiveCfg = Debug|Any CPU
		{696805F4-7EAF-4DD0-8C26-2E53CC49404B}.Debug|Any CPU.Build.0 = Debug|Any CPU
		{696805F4-7EAF-4DD0-8C26-2E53CC49404B}.Release|Any CPU.ActiveCfg = Release|Any CPU
		{696805F4-7EAF-4DD0-8C26-2E53CC49404B}.Release|Any CPU.Build.0 = Release|Any CPU
		{F793E687-FF1F-4C89-B40C-166FD47E8F72}.Debug|Any CPU.ActiveCfg = Debug|Any CPU
		{F793E687-FF1F-4C89-B40C-166FD47E8F72}.Debug|Any CPU.Build.0 = Debug|Any CPU
		{F793E687-FF1F-4C89-B40C-166FD47E8F72}.Release|Any CPU.ActiveCfg = Release|Any CPU
		{F793E687-FF1F-4C89-B40C-166FD47E8F72}.Release|Any CPU.Build.0 = Release|Any CPU
		{812FE45F-5AC3-4561-82E1-4AADDB799AD3}.Debug|Any CPU.ActiveCfg = Debug|Any CPU
		{812FE45F-5AC3-4561-82E1-4AADDB799AD3}.Debug|Any CPU.Build.0 = Debug|Any CPU
		{812FE45F-5AC3-4561-82E1-4AADDB799AD3}.Release|Any CPU.ActiveCfg = Release|Any CPU
		{812FE45F-5AC3-4561-82E1-4AADDB799AD3}.Release|Any CPU.Build.0 = Release|Any CPU
		{1AC73C62-0CF7-440F-AC66-D83F0CECECAB}.Debug|Any CPU.ActiveCfg = Debug|Any CPU
		{1AC73C62-0CF7-440F-AC66-D83F0CECECAB}.Debug|Any CPU.Build.0 = Debug|Any CPU
		{1AC73C62-0CF7-440F-AC66-D83F0CECECAB}.Release|Any CPU.ActiveCfg = Release|Any CPU
		{1AC73C62-0CF7-440F-AC66-D83F0CECECAB}.Release|Any CPU.Build.0 = Release|Any CPU
		{9FD33614-BE0C-4FC5-AC4A-58B94C4826D2}.Debug|Any CPU.ActiveCfg = Debug|Any CPU
		{9FD33614-BE0C-4FC5-AC4A-58B94C4826D2}.Debug|Any CPU.Build.0 = Debug|Any CPU
		{9FD33614-BE0C-4FC5-AC4A-58B94C4826D2}.Release|Any CPU.ActiveCfg = Release|Any CPU
		{9FD33614-BE0C-4FC5-AC4A-58B94C4826D2}.Release|Any CPU.Build.0 = Release|Any CPU
		{C22BB045-AA50-4D79-A813-E67282264186}.Debug|Any CPU.ActiveCfg = Debug|Any CPU
		{C22BB045-AA50-4D79-A813-E67282264186}.Debug|Any CPU.Build.0 = Debug|Any CPU
		{C22BB045-AA50-4D79-A813-E67282264186}.Release|Any CPU.ActiveCfg = Release|Any CPU
		{C22BB045-AA50-4D79-A813-E67282264186}.Release|Any CPU.Build.0 = Release|Any CPU
		{A8F94628-E401-4263-B356-A00C041591A9}.Debug|Any CPU.ActiveCfg = Debug|Any CPU
		{A8F94628-E401-4263-B356-A00C041591A9}.Debug|Any CPU.Build.0 = Debug|Any CPU
		{A8F94628-E401-4263-B356-A00C041591A9}.Release|Any CPU.ActiveCfg = Release|Any CPU
		{A8F94628-E401-4263-B356-A00C041591A9}.Release|Any CPU.Build.0 = Release|Any CPU
	EndGlobalSection
	GlobalSection(SolutionProperties) = preSolution
		HideSolutionNode = FALSE
	EndGlobalSection
	GlobalSection(NestedProjects) = preSolution
		{108AD562-9172-47C9-9CDF-7A2379213B8C} = {A19C042F-4893-43E5-AD0F-3602DC804F6E}
		{FA9AA6E3-2B30-4327-A298-5BBCEBCDCBAE} = {2EAC562D-4C7A-4A94-9A32-0CB2E481FEFB}
		{A19C042F-4893-43E5-AD0F-3602DC804F6E} = {2EAC562D-4C7A-4A94-9A32-0CB2E481FEFB}
		{91623C1F-B33A-4DB8-8DC2-9D8E852FFAAB} = {2EAC562D-4C7A-4A94-9A32-0CB2E481FEFB}
		{3FE9B6F9-EECA-4BF8-A067-623C33530774} = {108AD562-9172-47C9-9CDF-7A2379213B8C}
		{51D09981-26BE-4C37-98FA-E5A4A4AEF167} = {108AD562-9172-47C9-9CDF-7A2379213B8C}
		{1537F0CE-3747-4FBC-9BA1-CE990F00CF4A} = {108AD562-9172-47C9-9CDF-7A2379213B8C}
		{7D43FF77-709D-45CD-BD24-0FA031D268BF} = {91623C1F-B33A-4DB8-8DC2-9D8E852FFAAB}
		{3805AE49-7F7D-43BB-A910-DC9600026D14} = {91623C1F-B33A-4DB8-8DC2-9D8E852FFAAB}
		{A2128113-51EF-47FA-980F-AF0C8F789FA8} = {91623C1F-B33A-4DB8-8DC2-9D8E852FFAAB}
		{C4B11589-6BF2-41BA-B8A4-F1D492B4D7C4} = {A2128113-51EF-47FA-980F-AF0C8F789FA8}
		{DDE830A0-4D2B-4F91-BA9A-A18F71933126} = {A2128113-51EF-47FA-980F-AF0C8F789FA8}
		{3D50BFBF-9F10-4B9D-B0DA-4A212C9451E2} = {A2128113-51EF-47FA-980F-AF0C8F789FA8}
		{711FABF7-B90E-40F6-80CE-6489966A20FF} = {A2128113-51EF-47FA-980F-AF0C8F789FA8}
		{73EDF73F-7F66-4F7D-9F8C-CAD24BCAFB48} = {108AD562-9172-47C9-9CDF-7A2379213B8C}
		{5787524D-861C-4347-83BE-CD2DB1B85E6B} = {A2128113-51EF-47FA-980F-AF0C8F789FA8}
		{A9D76BCD-2A1A-4DCD-B388-AFAC75A5A68A} = {A2128113-51EF-47FA-980F-AF0C8F789FA8}
		{22873A8F-9A4C-47CB-AA63-795A6E3CF041} = {A19C042F-4893-43E5-AD0F-3602DC804F6E}
		{696805F4-7EAF-4DD0-8C26-2E53CC49404B} = {22873A8F-9A4C-47CB-AA63-795A6E3CF041}
		{F793E687-FF1F-4C89-B40C-166FD47E8F72} = {22873A8F-9A4C-47CB-AA63-795A6E3CF041}
		{812FE45F-5AC3-4561-82E1-4AADDB799AD3} = {22873A8F-9A4C-47CB-AA63-795A6E3CF041}
		{1AC73C62-0CF7-440F-AC66-D83F0CECECAB} = {22873A8F-9A4C-47CB-AA63-795A6E3CF041}
		{9FD33614-BE0C-4FC5-AC4A-58B94C4826D2} = {108AD562-9172-47C9-9CDF-7A2379213B8C}
		{C22BB045-AA50-4D79-A813-E67282264186} = {22873A8F-9A4C-47CB-AA63-795A6E3CF041}
		{A8F94628-E401-4263-B356-A00C041591A9} = {A2128113-51EF-47FA-980F-AF0C8F789FA8}
	EndGlobalSection
	GlobalSection(ExtensibilityGlobals) = postSolution
		SolutionGuid = {AA19025D-99B6-4585-8ED9-8FE2AF0B017B}
	EndGlobalSection
EndGlobal
